
Microsoft Visual Studio Solution File, Format Version 12.00
# Visual Studio Version 17
VisualStudioVersion = 17.11.35327.3
MinimumVisualStudioVersion = 10.0.40219.1
Project("{FAE04EC0-301F-11D3-BF4B-00C04F79EFBC}") = "Inventory Management Service", "Inventory Management Service.csproj", "{79F3B7ED-EA32-4843-9D39-6144275766DD}"
EndProject
Global
	GlobalSection(SolutionConfigurationPlatforms) = preSolution
		Debug|Any CPU = Debug|Any CPU
		Release|Any CPU = Release|Any CPU
	EndGlobalSection
	GlobalSection(ProjectConfigurationPlatforms) = postSolution
		{79F3B7ED-EA32-4843-9D39-6144275766DD}.Debug|Any CPU.ActiveCfg = Debug|Any CPU
		{79F3B7ED-EA32-4843-9D39-6144275766DD}.Debug|Any CPU.Build.0 = Debug|Any CPU
		{79F3B7ED-EA32-4843-9D39-6144275766DD}.Release|Any CPU.ActiveCfg = Release|Any CPU
		{79F3B7ED-EA32-4843-9D39-6144275766DD}.Release|Any CPU.Build.0 = Release|Any CPU
	EndGlobalSection
	GlobalSection(SolutionProperties) = preSolution
		HideSolutionNode = FALSE
	EndGlobalSection
	GlobalSection(ExtensibilityGlobals) = postSolution
		SolutionGuid = {88F63A06-FCE5-4448-A731-84F726B82F5B}
	EndGlobalSection
EndGlobal
